ergo.services/ergo v1.999.311-0.20260130075926-ed8c381bbce9 h1:eAYieqIB9RTS2T+hp9+G/6WlVp3PxnUbyjc3Ats3wzc=
ergo.services/ergo v1.999.311-0.20260130075926-ed8c381bbce9/go.mod h1:bLQ6PoO6Mz/8gVuzvPv3xfMfo1P9w6rZV1WnMXMeMdg=
github.com/qjpcpu/zk v0.0.0-20251119061628-055c093a17d5 h1:QmTRwea63Z4jjuTK8HiBKWa8fNqLPJT6rZMZQkibmx0=
github.com/qjpcpu/zk v0.0.0-20251119061628-055c093a17d5/go.mod h1:yEy5PQ4C8sYZiLuIH259wnlvDq1V5PN7gN8gdUepl1c=
