ergo.services/ergo v1.999.310 h1:qHx35J5UxCheNJaFrOK/1K6/p7jir680+NTPZo6bhbI=
ergo.services/ergo v1.999.310/go.mod h1:bLQ6PoO6Mz/8gVuzvPv3xfMfo1P9w6rZV1WnMXMeMdg=
github.com/qjpcpu/zk v0.0.0-20251119061628-055c093a17d5 h1:QmTRwea63Z4jjuTK8HiBKWa8fNqLPJT6rZMZQkibmx0=
github.com/qjpcpu/zk v0.0.0-20251119061628-055c093a17d5/go.mod h1:yEy5PQ4C8sYZiLuIH259wnlvDq1V5PN7gN8gdUepl1c=
